{
  "name": "@lidcore/bs-express",
  "version": "1.0.2",
  "lockfileVersion": 1,
  "requires": true,
  "dependencies": {
    "@lidcore/bs-node": {
      "version": "1.3.1",
      "resolved": "https://registry.npmjs.org/@lidcore/bs-node/-/bs-node-1.3.1.tgz",
      "integrity": "sha1-uxMStS/2Or0wrb2CfJQj7CA5aPk=",
      "requires": {
        "bs-async-monad": "1.2.1"
      }
    },
    "bs-async-monad": {
      "version": "1.2.1",
      "resolved": "https://registry.npmjs.org/bs-async-monad/-/bs-async-monad-1.2.1.tgz",
      "integrity": "sha1-4uD630sne3lEZkeNv4tkl9HHiSQ="
    },
    "bs-platform": {
      "version": "4.0.6",
      "resolved": "https://registry.npmjs.org/bs-platform/-/bs-platform-4.0.6.tgz",
      "integrity": "sha512-TrNzQFoV6opBYdUgcRdgQQ5f6JnKgotPFZORIjuHPtRlYgv37P6xVBTGfA4NlMCkHXHcPrL6JI63GyAcfq+qpg==",
      "dev": true
    }
  }
}
